
Microsoft Visual Studio Solution File, Format Version 12.00
# Visual Studio Version 16
VisualStudioVersion = 16.0.30413.136
MinimumVisualStudioVersion = 10.0.40219.1
Project("{2150E333-8FDC-42A3-9474-1A3956D46DE8}") = "src", "src", "{9CEA08DD-7C84-4FF4-9C8D-BA2B1EB9E7E8}"
EndProject
Project("{2150E333-8FDC-42A3-9474-1A3956D46DE8}") = "tests", "tests", "{42A00E05-E174-4527-861C-37DB27E763F8}"
EndProject
Project("{2150E333-8FDC-42A3-9474-1A3956D46DE8}") = "01 - Apresentation", "01 - Apresentation", "{71415B3D-CBE5-4115-A806-0CCA12A43D2C}"
EndProject
Project("{2150E333-8FDC-42A3-9474-1A3956D46DE8}") = "02 - Application", "02 - Application", "{C394C301-443F-40CD-82E1-1B9188768284}"
EndProject
Project("{2150E333-8FDC-42A3-9474-1A3956D46DE8}") = "03 - Domain", "03 - Domain", "{9E3FC883-BC33-4185-9890-6EBBD9E9DD75}"
EndProject
Project("{2150E333-8FDC-42A3-9474-1A3956D46DE8}") = "04 - Infra", "04 - Infra", "{63A99D4B-F029-44DC-BE66-7EDA06B67EED}"
EndProject
Project("{2150E333-8FDC-42A3-9474-1A3956D46DE8}") = "4.1 - Data", "4.1 - Data", "{79EFC224-575A-49DF-B086-27B4BE8383D4}"
EndProject
Project("{2150E333-8FDC-42A3-9474-1A3956D46DE8}") = "4.2 - CrossCutting", "4.2 - CrossCutting", "{35BD4DB5-1A8B-437C-ACC5-1AD6FB730871}"
EndProject
Project("{FAE04EC0-301F-11D3-BF4B-00C04F79EFBC}") = "Template.CrossCutting.IoC", "src\Template.CrossCutting.IoC\Template.CrossCutting.IoC.csproj", "{7EFDFB94-92B9-4A4F-8301-24A8B1A76049}"
EndProject
Project("{FAE04EC0-301F-11D3-BF4B-00C04F79EFBC}") = "Template.CrossCutting", "src\Template.CrossCutting\Template.CrossCutting.csproj", "{56407619-E669-438F-874A-17743906F1CC}"
EndProject
Project("{FAE04EC0-301F-11D3-BF4B-00C04F79EFBC}") = "Template.Infra.Data", "src\Template.Infra.Data\Template.Infra.Data.csproj", "{9085DDDF-F4DC-443D-94C0-398EE8279723}"
EndProject
Project("{FAE04EC0-301F-11D3-BF4B-00C04F79EFBC}") = "Template.Domain", "src\Template.Domain\Template.Domain.csproj", "{DF980EB1-156D-4120-9CF5-2C1B6CB4E614}"
EndProject
Project("{FAE04EC0-301F-11D3-BF4B-00C04F79EFBC}") = "Template.Domain.Shared", "src\Template.Domain.Shared\Template.Domain.Shared.csproj", "{29A5143F-04C2-4B24-98CC-397B7B56022E}"
EndProject
Project("{FAE04EC0-301F-11D3-BF4B-00C04F79EFBC}") = "Template.Application", "src\Template.Application\Template.Application.csproj", "{BE5D4E02-B99C-4652-8D67-A6249A3FF6A8}"
EndProject
Project("{FAE04EC0-301F-11D3-BF4B-00C04F79EFBC}") = "Template.Application.Shared", "src\Template.Application.Shared\Template.Application.Shared.csproj", "{3E8594EC-5441-4005-9202-031091406605}"
EndProject
Project("{2150E333-8FDC-42A3-9474-1A3956D46DE8}") = "01 - Apresentation.Tests", "01 - Apresentation.Tests", "{7F521E0D-DB64-4BAC-9EF0-B7488C1D5947}"
EndProject
Project("{2150E333-8FDC-42A3-9474-1A3956D46DE8}") = "02 - Application.Tests", "02 - Application.Tests", "{7FC52908-DE16-46FA-8E9A-C02CF39337D9}"
EndProject
Project("{2150E333-8FDC-42A3-9474-1A3956D46DE8}") = "03 - Domain.Tests", "03 - Domain.Tests", "{5982D1C1-5AD9-43EA-9347-6E3C43E4A6D3}"
EndProject
Project("{2150E333-8FDC-42A3-9474-1A3956D46DE8}") = "04 - Infra.Tests", "04 - Infra.Tests", "{828F9789-D60E-4522-9E86-DD10578388E7}"
EndProject
Project("{9A19103F-16F7-4668-BE54-9A1E7A4F7556}") = "Template.Infra.Data.Tests", "tests\Template.Infra.Data.Tests\Template.Infra.Data.Tests.csproj", "{98967AE3-30F7-4A5F-9D5F-FC663F1EE417}"
EndProject
Project("{9A19103F-16F7-4668-BE54-9A1E7A4F7556}") = "Template.Domain.Tests", "tests\Template.Domain.Tests\Template.Domain.Tests.csproj", "{2D3D9A1A-3614-4456-B95F-406E998140DA}"
EndProject
Project("{9A19103F-16F7-4668-BE54-9A1E7A4F7556}") = "Template.Application.Tests", "tests\Template.Application.Tests\Template.Application.Tests.csproj", "{32D330AA-ECA8-4C23-BCEF-E61A6AF12053}"
EndProject
Project("{9A19103F-16F7-4668-BE54-9A1E7A4F7556}") = "Template.Application.Shared.Tests", "tests\Template.Application.Shared.Tests\Template.Application.Shared.Tests.csproj", "{84E3486C-AA5A-41D9-9495-3152F4ABD8E2}"
EndProject
Project("{9A19103F-16F7-4668-BE54-9A1E7A4F7556}") = "Template.Domain.Shared.Tests", "tests\Template.Domain.Shared.Tests\Template.Domain.Shared.Tests.csproj", "{E5DA2FBF-E36D-4FFB-9D0A-037340F86873}"
EndProject
Project("{9A19103F-16F7-4668-BE54-9A1E7A4F7556}") = "Template.CrossCutting.Tests", "tests\Template.CrossCutting.Tests\Template.CrossCutting.Tests.csproj", "{0523C4C4-5576-451D-BAED-82AC50C3B3A6}"
EndProject
Project("{2150E333-8FDC-42A3-9474-1A3956D46DE8}") = "Web", "Web", "{F42279EF-5834-4213-8B23-4A3317AC02D9}"
EndProject
Project("{FAE04EC0-301F-11D3-BF4B-00C04F79EFBC}") = "Template.Apresentation.Web", "src\Template.Apresentation.Web\Template.Apresentation.Web.csproj", "{B16E2B7B-F69D-4984-85E1-7C9C4679F97D}"
EndProject
Global
	GlobalSection(SolutionConfigurationPlatforms) = preSolution
		Debug|Any CPU = Debug|Any CPU
		Release|Any CPU = Release|Any CPU
	EndGlobalSection
	GlobalSection(ProjectConfigurationPlatforms) = postSolution
		{7EFDFB94-92B9-4A4F-8301-24A8B1A76049}.Debug|Any CPU.ActiveCfg = Debug|Any CPU
		{7EFDFB94-92B9-4A4F-8301-24A8B1A76049}.Debug|Any CPU.Build.0 = Debug|Any CPU
		{7EFDFB94-92B9-4A4F-8301-24A8B1A76049}.Release|Any CPU.ActiveCfg = Release|Any CPU
		{7EFDFB94-92B9-4A4F-8301-24A8B1A76049}.Release|Any CPU.Build.0 = Release|Any CPU
		{56407619-E669-438F-874A-17743906F1CC}.Debug|Any CPU.ActiveCfg = Debug|Any CPU
		{56407619-E669-438F-874A-17743906F1CC}.Debug|Any CPU.Build.0 = Debug|Any CPU
		{56407619-E669-438F-874A-17743906F1CC}.Release|Any CPU.ActiveCfg = Release|Any CPU
		{56407619-E669-438F-874A-17743906F1CC}.Release|Any CPU.Build.0 = Release|Any CPU
		{9085DDDF-F4DC-443D-94C0-398EE8279723}.Debug|Any CPU.ActiveCfg = Debug|Any CPU
		{9085DDDF-F4DC-443D-94C0-398EE8279723}.Debug|Any CPU.Build.0 = Debug|Any CPU
		{9085DDDF-F4DC-443D-94C0-398EE8279723}.Release|Any CPU.ActiveCfg = Release|Any CPU
		{9085DDDF-F4DC-443D-94C0-398EE8279723}.Release|Any CPU.Build.0 = Release|Any CPU
		{DF980EB1-156D-4120-9CF5-2C1B6CB4E614}.Debug|Any CPU.ActiveCfg = Debug|Any CPU
		{DF980EB1-156D-4120-9CF5-2C1B6CB4E614}.Debug|Any CPU.Build.0 = Debug|Any CPU
		{DF980EB1-156D-4120-9CF5-2C1B6CB4E614}.Release|Any CPU.ActiveCfg = Release|Any CPU
		{DF980EB1-156D-4120-9CF5-2C1B6CB4E614}.Release|Any CPU.Build.0 = Release|Any CPU
		{29A5143F-04C2-4B24-98CC-397B7B56022E}.Debug|Any CPU.ActiveCfg = Debug|Any CPU
		{29A5143F-04C2-4B24-98CC-397B7B56022E}.Debug|Any CPU.Build.0 = Debug|Any CPU
		{29A5143F-04C2-4B24-98CC-397B7B56022E}.Release|Any CPU.ActiveCfg = Release|Any CPU
		{29A5143F-04C2-4B24-98CC-397B7B56022E}.Release|Any CPU.Build.0 = Release|Any CPU
		{BE5D4E02-B99C-4652-8D67-A6249A3FF6A8}.Debug|Any CPU.ActiveCfg = Debug|Any CPU
		{BE5D4E02-B99C-4652-8D67-A6249A3FF6A8}.Debug|Any CPU.Build.0 = Debug|Any CPU
		{BE5D4E02-B99C-4652-8D67-A6249A3FF6A8}.Release|Any CPU.ActiveCfg = Release|Any CPU
		{BE5D4E02-B99C-4652-8D67-A6249A3FF6A8}.Release|Any CPU.Build.0 = Release|Any CPU
		{3E8594EC-5441-4005-9202-031091406605}.Debug|Any CPU.ActiveCfg = Debug|Any CPU
		{3E8594EC-5441-4005-9202-031091406605}.Debug|Any CPU.Build.0 = Debug|Any CPU
		{3E8594EC-5441-4005-9202-031091406605}.Release|Any CPU.ActiveCfg = Release|Any CPU
		{3E8594EC-5441-4005-9202-031091406605}.Release|Any CPU.Build.0 = Release|Any CPU
		{98967AE3-30F7-4A5F-9D5F-FC663F1EE417}.Debug|Any CPU.ActiveCfg = Debug|Any CPU
		{98967AE3-30F7-4A5F-9D5F-FC663F1EE417}.Debug|Any CPU.Build.0 = Debug|Any CPU
		{98967AE3-30F7-4A5F-9D5F-FC663F1EE417}.Release|Any CPU.ActiveCfg = Release|Any CPU
		{98967AE3-30F7-4A5F-9D5F-FC663F1EE417}.Release|Any CPU.Build.0 = Release|Any CPU
		{2D3D9A1A-3614-4456-B95F-406E998140DA}.Debug|Any CPU.ActiveCfg = Debug|Any CPU
		{2D3D9A1A-3614-4456-B95F-406E998140DA}.Debug|Any CPU.Build.0 = Debug|Any CPU
		{2D3D9A1A-3614-4456-B95F-406E998140DA}.Release|Any CPU.ActiveCfg = Release|Any CPU
		{2D3D9A1A-3614-4456-B95F-406E998140DA}.Release|Any CPU.Build.0 = Release|Any CPU
		{32D330AA-ECA8-4C23-BCEF-E61A6AF12053}.Debug|Any CPU.ActiveCfg = Debug|Any CPU
		{32D330AA-ECA8-4C23-BCEF-E61A6AF12053}.Debug|Any CPU.Build.0 = Debug|Any CPU
		{32D330AA-ECA8-4C23-BCEF-E61A6AF12053}.Release|Any CPU.ActiveCfg = Release|Any CPU
		{32D330AA-ECA8-4C23-BCEF-E61A6AF12053}.Release|Any CPU.Build.0 = Release|Any CPU
		{84E3486C-AA5A-41D9-9495-3152F4ABD8E2}.Debug|Any CPU.ActiveCfg = Debug|Any CPU
		{84E3486C-AA5A-41D9-9495-3152F4ABD8E2}.Debug|Any CPU.Build.0 = Debug|Any CPU
		{84E3486C-AA5A-41D9-9495-3152F4ABD8E2}.Release|Any CPU.ActiveCfg = Release|Any CPU
		{84E3486C-AA5A-41D9-9495-3152F4ABD8E2}.Release|Any CPU.Build.0 = Release|Any CPU
		{E5DA2FBF-E36D-4FFB-9D0A-037340F86873}.Debug|Any CPU.ActiveCfg = Debug|Any CPU
		{E5DA2FBF-E36D-4FFB-9D0A-037340F86873}.Debug|Any CPU.Build.0 = Debug|Any CPU
		{E5DA2FBF-E36D-4FFB-9D0A-037340F86873}.Release|Any CPU.ActiveCfg = Release|Any CPU
		{E5DA2FBF-E36D-4FFB-9D0A-037340F86873}.Release|Any CPU.Build.0 = Release|Any CPU
		{0523C4C4-5576-451D-BAED-82AC50C3B3A6}.Debug|Any CPU.ActiveCfg = Debug|Any CPU
		{0523C4C4-5576-451D-BAED-82AC50C3B3A6}.Debug|Any CPU.Build.0 = Debug|Any CPU
		{0523C4C4-5576-451D-BAED-82AC50C3B3A6}.Release|Any CPU.ActiveCfg = Release|Any CPU
		{0523C4C4-5576-451D-BAED-82AC50C3B3A6}.Release|Any CPU.Build.0 = Release|Any CPU
		{B16E2B7B-F69D-4984-85E1-7C9C4679F97D}.Debug|Any CPU.ActiveCfg = Debug|Any CPU
		{B16E2B7B-F69D-4984-85E1-7C9C4679F97D}.Debug|Any CPU.Build.0 = Debug|Any CPU
		{B16E2B7B-F69D-4984-85E1-7C9C4679F97D}.Release|Any CPU.ActiveCfg = Release|Any CPU
		{B16E2B7B-F69D-4984-85E1-7C9C4679F97D}.Release|Any CPU.Build.0 = Release|Any CPU
	EndGlobalSection
	GlobalSection(SolutionProperties) = preSolution
		HideSolutionNode = FALSE
	EndGlobalSection
	GlobalSection(NestedProjects) = preSolution
		{71415B3D-CBE5-4115-A806-0CCA12A43D2C} = {9CEA08DD-7C84-4FF4-9C8D-BA2B1EB9E7E8}
		{C394C301-443F-40CD-82E1-1B9188768284} = {9CEA08DD-7C84-4FF4-9C8D-BA2B1EB9E7E8}
		{9E3FC883-BC33-4185-9890-6EBBD9E9DD75} = {9CEA08DD-7C84-4FF4-9C8D-BA2B1EB9E7E8}
		{63A99D4B-F029-44DC-BE66-7EDA06B67EED} = {9CEA08DD-7C84-4FF4-9C8D-BA2B1EB9E7E8}
		{79EFC224-575A-49DF-B086-27B4BE8383D4} = {63A99D4B-F029-44DC-BE66-7EDA06B67EED}
		{35BD4DB5-1A8B-437C-ACC5-1AD6FB730871} = {63A99D4B-F029-44DC-BE66-7EDA06B67EED}
		{7EFDFB94-92B9-4A4F-8301-24A8B1A76049} = {35BD4DB5-1A8B-437C-ACC5-1AD6FB730871}
		{56407619-E669-438F-874A-17743906F1CC} = {35BD4DB5-1A8B-437C-ACC5-1AD6FB730871}
		{9085DDDF-F4DC-443D-94C0-398EE8279723} = {79EFC224-575A-49DF-B086-27B4BE8383D4}
		{DF980EB1-156D-4120-9CF5-2C1B6CB4E614} = {9E3FC883-BC33-4185-9890-6EBBD9E9DD75}
		{29A5143F-04C2-4B24-98CC-397B7B56022E} = {9E3FC883-BC33-4185-9890-6EBBD9E9DD75}
		{BE5D4E02-B99C-4652-8D67-A6249A3FF6A8} = {C394C301-443F-40CD-82E1-1B9188768284}
		{3E8594EC-5441-4005-9202-031091406605} = {C394C301-443F-40CD-82E1-1B9188768284}
		{7F521E0D-DB64-4BAC-9EF0-B7488C1D5947} = {42A00E05-E174-4527-861C-37DB27E763F8}
		{7FC52908-DE16-46FA-8E9A-C02CF39337D9} = {42A00E05-E174-4527-861C-37DB27E763F8}
		{5982D1C1-5AD9-43EA-9347-6E3C43E4A6D3} = {42A00E05-E174-4527-861C-37DB27E763F8}
		{828F9789-D60E-4522-9E86-DD10578388E7} = {42A00E05-E174-4527-861C-37DB27E763F8}
		{98967AE3-30F7-4A5F-9D5F-FC663F1EE417} = {828F9789-D60E-4522-9E86-DD10578388E7}
		{2D3D9A1A-3614-4456-B95F-406E998140DA} = {5982D1C1-5AD9-43EA-9347-6E3C43E4A6D3}
		{32D330AA-ECA8-4C23-BCEF-E61A6AF12053} = {7FC52908-DE16-46FA-8E9A-C02CF39337D9}
		{84E3486C-AA5A-41D9-9495-3152F4ABD8E2} = {7FC52908-DE16-46FA-8E9A-C02CF39337D9}
		{E5DA2FBF-E36D-4FFB-9D0A-037340F86873} = {5982D1C1-5AD9-43EA-9347-6E3C43E4A6D3}
		{0523C4C4-5576-451D-BAED-82AC50C3B3A6} = {828F9789-D60E-4522-9E86-DD10578388E7}
		{F42279EF-5834-4213-8B23-4A3317AC02D9} = {71415B3D-CBE5-4115-A806-0CCA12A43D2C}
		{B16E2B7B-F69D-4984-85E1-7C9C4679F97D} = {F42279EF-5834-4213-8B23-4A3317AC02D9}
	EndGlobalSection
	GlobalSection(ExtensibilityGlobals) = postSolution
		SolutionGuid = {7F51E700-D48A-48E2-A526-CA1AB4B81B7A}
	EndGlobalSection
EndGlobal
